PODS:
  - Flutter (1.0.0)
  - flutter_barcode_scanner (2.0.0):
    - Flutter
  - path_provider_ios (0.0.1):
    - Flutter
  - search_choices (0.0.1):
    - Flutter

DEPENDENCIES:
  - Flutter (from `Flutter`)
  - flutter_barcode_scanner (from `.symlinks/plugins/flutter_barcode_scanner/ios`)
  - path_provider_ios (from `.symlinks/plugins/path_provider_ios/ios`)
  - search_choices (from `.symlinks/plugins/search_choices/ios`)

EXTERNAL SOURCES:
  Flutter:
    :path: Flutter
  flutter_barcode_scanner:
    :path: ".symlinks/plugins/flutter_barcode_scanner/ios"
  path_provider_ios:
    :path: ".symlinks/plugins/path_provider_ios/ios"
  search_choices:
    :path: ".symlinks/plugins/search_choices/ios"

SPEC CHECKSUMS:
  Flutter: f04841e97a9d0b0a8025694d0796dd46242b2854
  flutter_barcode_scanner: 7a1144744c28dc0c57a8de7218ffe5ec59a9e4bf
  path_provider_ios: 14f3d2fd28c4fdb42f44e0f751d12861c43cee02
  search_choices: b50731e8c425078048f681f39c34375c58d6ce8d

PODFILE CHECKSUM: c4c93c5f6502fe2754f48404d3594bf779584011

COCOAPODS: 1.11.3
